
Microsoft Visual Studio Solution File, Format Version 12.00
# Visual Studio Version 17
VisualStudioVersion = 17.2.32519.379
MinimumVisualStudioVersion = 10.0.40219.1
Project("{9A19103F-16F7-4668-BE54-9A1E7A4F7556}") = "Selecao_Idealsoft_Api", "Selecao_Idealsoft\Selecao_Idealsoft_Api.csproj", "{BC1935A4-F7FC-4660-B3D6-99383169EA14}"
EndProject
Project("{9A19103F-16F7-4668-BE54-9A1E7A4F7556}") = "Selecao.Core", "Selecao.Core\Selecao.Core.csproj", "{EC49C1E9-8D95-4914-ABDC-F50DFA033FCF}"
EndProject
Project("{9A19103F-16F7-4668-BE54-9A1E7A4F7556}") = "Selecao.Infraestructure", "Selecao.Infraestructure\Selecao.Infraestructure.csproj", "{B869B4AE-30BB-4330-93BF-7A3D44772ABE}"
EndProject
Project("{9A19103F-16F7-4668-BE54-9A1E7A4F7556}") = "Selecao.Application", "Selecao.Application\Selecao.Application.csproj", "{2B567BF6-2BEF-4978-A048-CA630A063670}"
EndProject
Project("{9A19103F-16F7-4668-BE54-9A1E7A4F7556}") = "DesktopUI", "FrontEndWPF\DesktopUI.csproj", "{6E9F4358-6EA9-4DD6-B787-0BA2C22283E6}"
EndProject
Global
	GlobalSection(SolutionConfigurationPlatforms) = preSolution
		Debug|Any CPU = Debug|Any CPU
		Release|Any CPU = Release|Any CPU
	EndGlobalSection
	GlobalSection(ProjectConfigurationPlatforms) = postSolution
		{BC1935A4-F7FC-4660-B3D6-99383169EA14}.Debug|Any CPU.ActiveCfg = Debug|Any CPU
		{BC1935A4-F7FC-4660-B3D6-99383169EA14}.Debug|Any CPU.Build.0 = Debug|Any CPU
		{BC1935A4-F7FC-4660-B3D6-99383169EA14}.Release|Any CPU.ActiveCfg = Release|Any CPU
		{BC1935A4-F7FC-4660-B3D6-99383169EA14}.Release|Any CPU.Build.0 = Release|Any CPU
		{EC49C1E9-8D95-4914-ABDC-F50DFA033FCF}.Debug|Any CPU.ActiveCfg = Debug|Any CPU
		{EC49C1E9-8D95-4914-ABDC-F50DFA033FCF}.Debug|Any CPU.Build.0 = Debug|Any CPU
		{EC49C1E9-8D95-4914-ABDC-F50DFA033FCF}.Release|Any CPU.ActiveCfg = Release|Any CPU
		{EC49C1E9-8D95-4914-ABDC-F50DFA033FCF}.Release|Any CPU.Build.0 = Release|Any CPU
		{B869B4AE-30BB-4330-93BF-7A3D44772ABE}.Debug|Any CPU.ActiveCfg = Debug|Any CPU
		{B869B4AE-30BB-4330-93BF-7A3D44772ABE}.Debug|Any CPU.Build.0 = Debug|Any CPU
		{B869B4AE-30BB-4330-93BF-7A3D44772ABE}.Release|Any CPU.ActiveCfg = Release|Any CPU
		{B869B4AE-30BB-4330-93BF-7A3D44772ABE}.Release|Any CPU.Build.0 = Release|Any CPU
		{2B567BF6-2BEF-4978-A048-CA630A063670}.Debug|Any CPU.ActiveCfg = Debug|Any CPU
		{2B567BF6-2BEF-4978-A048-CA630A063670}.Debug|Any CPU.Build.0 = Debug|Any CPU
		{2B567BF6-2BEF-4978-A048-CA630A063670}.Release|Any CPU.ActiveCfg = Release|Any CPU
		{2B567BF6-2BEF-4978-A048-CA630A063670}.Release|Any CPU.Build.0 = Release|Any CPU
		{6E9F4358-6EA9-4DD6-B787-0BA2C22283E6}.Debug|Any CPU.ActiveCfg = Debug|Any CPU
		{6E9F4358-6EA9-4DD6-B787-0BA2C22283E6}.Debug|Any CPU.Build.0 = Debug|Any CPU
		{6E9F4358-6EA9-4DD6-B787-0BA2C22283E6}.Release|Any CPU.ActiveCfg = Release|Any CPU
		{6E9F4358-6EA9-4DD6-B787-0BA2C22283E6}.Release|Any CPU.Build.0 = Release|Any CPU
	EndGlobalSection
	GlobalSection(SolutionProperties) = preSolution
		HideSolutionNode = FALSE
	EndGlobalSection
	GlobalSection(ExtensibilityGlobals) = postSolution
		SolutionGuid = {67AE211E-BD71-4757-A128-0E781BD3EC71}
	EndGlobalSection
EndGlobal
